
Microsoft Visual Studio Solution File, Format Version 12.00
# Visual Studio Version 16
VisualStudioVersion = 16.0.31321.278
MinimumVisualStudioVersion = 10.0.40219.1
Project("{FAE04EC0-301F-11D3-BF4B-00C04F79EFBC}") = "LetsTdd.UnitTests", "LetsTdd.UnitTests\LetsTdd.UnitTests.csproj", "{F29B9B48-D5DC-440F-967E-B00DB383A601}"
EndProject
Project("{FAE04EC0-301F-11D3-BF4B-00C04F79EFBC}") = "LetsTdd.Domain", "LetsTdd.Domain\LetsTdd.Domain.csproj", "{54C52081-5B42-4B3E-BD7B-710E313680C5}"
EndProject
Global
	GlobalSection(SolutionConfigurationPlatforms) = preSolution
		Debug|Any CPU = Debug|Any CPU
		Release|Any CPU = Release|Any CPU
	EndGlobalSection
	GlobalSection(ProjectConfigurationPlatforms) = postSolution
		{F29B9B48-D5DC-440F-967E-B00DB383A601}.Debug|Any CPU.ActiveCfg = Debug|Any CPU
		{F29B9B48-D5DC-440F-967E-B00DB383A601}.Debug|Any CPU.Build.0 = Debug|Any CPU
		{F29B9B48-D5DC-440F-967E-B00DB383A601}.Release|Any CPU.ActiveCfg = Release|Any CPU
		{F29B9B48-D5DC-440F-967E-B00DB383A601}.Release|Any CPU.Build.0 = Release|Any CPU
		{54C52081-5B42-4B3E-BD7B-710E313680C5}.Debug|Any CPU.ActiveCfg = Debug|Any CPU
		{54C52081-5B42-4B3E-BD7B-710E313680C5}.Debug|Any CPU.Build.0 = Debug|Any CPU
		{54C52081-5B42-4B3E-BD7B-710E313680C5}.Release|Any CPU.ActiveCfg = Release|Any CPU
		{54C52081-5B42-4B3E-BD7B-710E313680C5}.Release|Any CPU.Build.0 = Release|Any CPU
	EndGlobalSection
	GlobalSection(SolutionProperties) = preSolution
		HideSolutionNode = FALSE
	EndGlobalSection
	GlobalSection(ExtensibilityGlobals) = postSolution
		SolutionGuid = {875418FB-B585-45E5-8A0B-7210A514F9A6}
	EndGlobalSection
EndGlobal
